<?xml version="1.0" encoding="utf-8"?>
<Project ToolsVersion="4.0" xmlns="http://schemas.microsoft.com/developer/msbuild/2003">
  <ItemGroup>
    <Filter Include="Source Files">
      <UniqueIdentifier>{4FC737F1-C7A5-4376-A066-2A32D752A2FF}</UniqueIdentifier>
      <Extensions>cpp;c;cc;cxx;c++;cppm;ixx;def;odl;idl;hpj;bat;asm;asmx</Extensions>
    </Filter>
    <Filter Include="Header Files">
      <UniqueIdentifier>{93995380-89BD-4b04-88EB-625FBE52EBFB}</UniqueIdentifier>
      <Extensions>h;hh;hpp;hxx;h++;hm;inl;inc;ipp;xsd</Extensions>
    </Filter>
    <Filter Include="Shader Files">
      <UniqueIdentifier>{18e1b9a9-b727-4ef1-a443-52bb678849c7}</UniqueIdentifier>
    </Filter>
    <Filter Include="Utility Files">
      <UniqueIdentifier>{3e19c0b4-7cfd-4d60-915d-c27bbad1a317}</UniqueIdentifier>
    </Filter>
    <Filter Include="Configuration Files">
      <UniqueIdentifier>{0dd32e9c-6625-42a5-b01f-20cde893f952}</UniqueIdentifier>
    </Filter>
  </ItemGroup>
  <ItemGroup>
    <ClInclude Include="api.h">
      <Filter>Header Files</Filter>
    </ClInclude>
    <ClInclude Include="constanttable.h">
      <Filter>Header Files</Filter>
    </ClInclude>
    <ClInclude Include="d3d11shim.h">
      <Filter>Header Files</Filter>
    </ClInclude>
    <ClInclude Include="deviceresources.h">
      <Filter>Header Files</Filter>
    </ClInclude>
    <ClInclude Include="defines.h">
      <Filter>Header Files</Filter>
    </ClInclude>
    <ClInclude Include="dxcontext.h">
      <Filter>Header Files</Filter>
    </ClInclude>
    <ClInclude Include="fft.h">
      <Filter>Header Files</Filter>
    </ClInclude>
    <ClInclude Include="framework.h">
      <Filter>Header Files</Filter>
    </ClInclude>
    <ClInclude Include="md_defines.h">
      <Filter>Header Files</Filter>
    </ClInclude>
    <ClInclude Include="menu.h">
      <Filter>Header Files</Filter>
    </ClInclude>
    <ClInclude Include="pch.h">
      <Filter>Header Files</Filter>
    </ClInclude>
    <ClInclude Include="plugin.h">
      <Filter>Header Files</Filter>
    </ClInclude>
    <ClInclude Include="pluginshell.h">
      <Filter>Header Files</Filter>
    </ClInclude>
    <ClInclude Include="shell_defines.h">
      <Filter>Header Files</Filter>
    </ClInclude>
    <ClInclude Include="state.h">
      <Filter>Header Files</Filter>
    </ClInclude>
    <ClInclude Include="support.h">
      <Filter>Header Files</Filter>
    </ClInclude>
    <ClInclude Include="texmgr.h">
      <Filter>Header Files</Filter>
    </ClInclude>
    <ClInclude Include="textmgr.h">
      <Filter>Header Files</Filter>
    </ClInclude>
    <ClInclude Include="utility.h">
      <Filter>Header Files</Filter>
    </ClInclude>
    <ClInclude Include="..\external\nu\AutoChar.h">
      <Filter>Utility Files</Filter>
    </ClInclude>
    <ClInclude Include="..\external\nu\AutoWide.h">
      <Filter>Utility Files</Filter>
    </ClInclude>
    <ClInclude Include="..\external\winamp\wa_ipc.h">
      <Filter>Header Files</Filter>
    </ClInclude>
  </ItemGroup>
  <ItemGroup>
    <ClCompile Include="constanttable.cpp">
      <Filter>Source Files</Filter>
    </ClCompile>
    <ClCompile Include="d3d11shim.cpp">
      <Filter>Source Files</Filter>
    </ClCompile>
    <ClCompile Include="deviceresources.cpp">
      <Filter>Source Files</Filter>
    </ClCompile>
    <ClCompile Include="dxcontext.cpp">
      <Filter>Source Files</Filter>
    </ClCompile>
    <ClCompile Include="fft.cpp">
      <Filter>Source Files</Filter>
    </ClCompile>
    <ClCompile Include="menu.cpp">
      <Filter>Source Files</Filter>
    </ClCompile>
    <ClCompile Include="milkdropfs.cpp">
      <Filter>Source Files</Filter>
    </ClCompile>
    <ClCompile Include="pch.cpp">
      <Filter>Source Files</Filter>
    </ClCompile>
    <ClCompile Include="plugin.cpp">
      <Filter>Source Files</Filter>
    </ClCompile>
    <ClCompile Include="pluginshell.cpp">
      <Filter>Source Files</Filter>
    </ClCompile>
    <ClCompile Include="state.cpp">
      <Filter>Source Files</Filter>
    </ClCompile>
    <ClCompile Include="support.cpp">
      <Filter>Source Files</Filter>
    </ClCompile>
    <ClCompile Include="texmgr.cpp">
      <Filter>Source Files</Filter>
    </ClCompile>
    <ClCompile Include="textmgr.cpp">
      <Filter>Source Files</Filter>
    </ClCompile>
    <ClCompile Include="utility.cpp">
      <Filter>Source Files</Filter>
    </ClCompile>
  </ItemGroup>
  <ItemGroup>
    <FxCompile Include="colorps.hlsl">
      <Filter>Shader Files</Filter>
    </FxCompile>
    <FxCompile Include="defaultvs.hlsl">
      <Filter>Shader Files</Filter>
    </FxCompile>
    <FxCompile Include="diffuseps.hlsl">
      <Filter>Shader Files</Filter>
    </FxCompile>
    <FxCompile Include="texture1ps.hlsl">
      <Filter>Shader Files</Filter>
    </FxCompile>
    <FxCompile Include="texture0ps.hlsl">
      <Filter>Shader Files</Filter>
    </FxCompile>
    <FxCompile Include="..\external\winamp\data\blur_vs.fx">
      <Filter>Shader Files</Filter>
    </FxCompile>
    <FxCompile Include="..\external\winamp\data\blur1_ps.fx">
      <Filter>Shader Files</Filter>
    </FxCompile>
    <FxCompile Include="..\external\winamp\data\blur2_ps.fx">
      <Filter>Shader Files</Filter>
    </FxCompile>
    <FxCompile Include="..\external\winamp\data\comp_ps.fx">
      <Filter>Shader Files</Filter>
    </FxCompile>
    <FxCompile Include="..\external\winamp\data\comp_vs.fx">
      <Filter>Shader Files</Filter>
    </FxCompile>
    <FxCompile Include="..\external\winamp\data\include.fx">
      <Filter>Shader Files</Filter>
    </FxCompile>
    <FxCompile Include="..\external\winamp\data\warp_ps.fx">
      <Filter>Shader Files</Filter>
    </FxCompile>
    <FxCompile Include="..\external\winamp\data\warp_vs.fx">
      <Filter>Shader Files</Filter>
    </FxCompile>
  </ItemGroup>
  <ItemGroup>
    <None Include="packages.config">
      <Filter>Configuration Files</Filter>
    </None>
  </ItemGroup>
</Project>